// !$*UTF8*$!
{
	archiveVersion = 1;
	classes = {
	};
	objectVersion = 56;
	objects = {

/* Begin PBXBuildFile section */
		6E7220C42C772719003620CB /* CustomTableViewCell.xib in Resources */ = {isa = PBXBuildFile; fileRef = 6E7220C32C772719003620CB /* CustomTableViewCell.xib */; };
		6E7220CA2C77323A003620CB /* CustomTableViewCell.swift in Sources */ = {isa = PBXBuildFile; fileRef = 6E7220C92C77323A003620CB /* CustomTableViewCell.swift */; };
		6E9553EB2C77130B00146B70 /* AppDelegate.swift in Sources */ = {isa = PBXBuildFile; fileRef = 6E9553EA2C77130B00146B70 /* AppDelegate.swift */; };
		6E9553ED2C77130B00146B70 /* SceneDelegate.swift in Sources */ = {isa = PBXBuildFile; fileRef = 6E9553EC2C77130B00146B70 /* SceneDelegate.swift */; };
		6E9553EF2C77130B00146B70 /* ViewController.swift in Sources */ = {isa = PBXBuildFile; fileRef = 6E9553EE2C77130B00146B70 /* ViewController.swift */; };
		6E9553F22C77130B00146B70 /* Base in Resources */ = {isa = PBXBuildFile; fileRef = 6E9553F12C77130B00146B70 /* Base */; };
		6E9553F42C77130C00146B70 /* Assets.xcassets in Resources */ = {isa = PBXBuildFile; fileRef = 6E9553F32C77130C00146B70 /* Assets.xcassets */; };
		6E9553F72C77130C00146B70 /* Base in Resources */ = {isa = PBXBuildFile; fileRef = 6E9553F62C77130C00146B70 /* Base */; };
		6E9553FF2C77144D00146B70 /* Tabbar.storyboard in Resources */ = {isa = PBXBuildFile; fileRef = 6E9553FE2C77144D00146B70 /* Tabbar.storyboard */; };
		6E9554012C771A4F00146B70 /* TabbarController.swift in Sources */ = {isa = PBXBuildFile; fileRef = 6E9554002C771A4F00146B70 /* TabbarController.swift */; };
		6E9554032C7722AA00146B70 /* TableVC.swift in Sources */ = {isa = PBXBuildFile; fileRef = 6E9554022C7722AA00146B70 /* TableVC.swift */; };
/* End PBXBuildFile section */

/* Begin PBXFileReference section */
		6E7220C32C772719003620CB /* CustomTableViewCell.xib */ = {isa = PBXFileReference; lastKnownFileType = file.xib; path = CustomTableViewCell.xib; sourceTree = "<group>"; };
		6E7220C92C77323A003620CB /* CustomTableViewCell.swift */ = {isa = PBXFileReference; lastKnownFileType = sourcecode.swift; path = CustomTableViewCell.swift; sourceTree = "<group>"; };
		6E9553E72C77130B00146B70 /* task6_tableview.app */ = {isa = PBXFileReference; explicitFileType = wrapper.application; includeInIndex = 0; path = task6_tableview.app; sourceTree = BUILT_PRODUCTS_DIR; };
		6E9553EA2C77130B00146B70 /* AppDelegate.swift */ = {isa = PBXFileReference; lastKnownFileType = sourcecode.swift; path = AppDelegate.swift; sourceTree = "<group>"; };
		6E9553EC2C77130B00146B70 /* SceneDelegate.swift */ = {isa = PBXFileReference; lastKnownFileType = sourcecode.swift; path = SceneDelegate.swift; sourceTree = "<group>"; };
		6E9553EE2C77130B00146B70 /* ViewController.swift */ = {isa = PBXFileReference; lastKnownFileType = sourcecode.swift; path = ViewController.swift; sourceTree = "<group>"; };
		6E9553F12C77130B00146B70 /* Base */ = {isa = PBXFileReference; lastKnownFileType = file.storyboard; name = Base; path = Base.lproj/Main.storyboard; sourceTree = "<group>"; };
		6E9553F32C77130C00146B70 /* Assets.xcassets */ = {isa = PBXFileReference; lastKnownFileType = folder.assetcatalog; path = Assets.xcassets; sourceTree = "<group>"; };
		6E9553F62C77130C00146B70 /* Base */ = {isa = PBXFileReference; lastKnownFileType = file.storyboard; name = Base; path = Base.lproj/LaunchScreen.storyboard; sourceTree = "<group>"; };
		6E9553F82C77130C00146B70 /* Info.plist */ = {isa = PBXFileReference; lastKnownFileType = text.plist.xml; path = Info.plist; sourceTree = "<group>"; };
		6E9553FE2C77144D00146B70 /* Tabbar.storyboard */ = {isa = PBXFileReference; lastKnownFileType = file.storyboard; path = Tabbar.storyboard; sourceTree = "<group>"; };
		6E9554002C771A4F00146B70 /* TabbarController.swift */ = {isa = PBXFileReference; lastKnownFileType = sourcecode.swift; path = TabbarController.swift; sourceTree = "<group>"; };
		6E9554022C7722AA00146B70 /* TableVC.swift */ = {isa = PBXFileReference; lastKnownFileType = sourcecode.swift; path = TableVC.swift; sourceTree = "<group>"; };
/* End PBXFileReference section */

/* Begin PBXFrameworksBuildPhase section */
		6E9553E42C77130B00146B70 /* Frameworks */ = {
			isa = PBXFrameworksBuildPhase;
			buildActionMask = 2147483647;
			files = (
			);
			runOnlyForDeploymentPostprocessing = 0;
		};
/* End PBXFrameworksBuildPhase section */

/* Begin PBXGroup section */
		6E9553DE2C77130B00146B70 = {
			isa = PBXGroup;
			children = (
				6E9553E92C77130B00146B70 /* task6_tableview */,
				6E9553E82C77130B00146B70 /* Products */,
			);
			sourceTree = "<group>";
		};
		6E9553E82C77130B00146B70 /* Products */ = {
			isa = PBXGroup;
			children = (
				6E9553E72C77130B00146B70 /* task6_tableview.app */,
			);
			name = Products;
			sourceTree = "<group>";
		};
		6E9553E92C77130B00146B70 /* task6_tableview */ = {
			isa = PBXGroup;
			children = (
				6E9553EA2C77130B00146B70 /* AppDelegate.swift */,
				6E9553EC2C77130B00146B70 /* SceneDelegate.swift */,
				6E9553EE2C77130B00146B70 /* ViewController.swift */,
				6E9553F02C77130B00146B70 /* Main.storyboard */,
				6E9553FE2C77144D00146B70 /* Tabbar.storyboard */,
				6E9553F32C77130C00146B70 /* Assets.xcassets */,
				6E9553F52C77130C00146B70 /* LaunchScreen.storyboard */,
				6E9553F82C77130C00146B70 /* Info.plist */,
				6E9554022C7722AA00146B70 /* TableVC.swift */,
				6E9554002C771A4F00146B70 /* TabbarController.swift */,
				6E7220C32C772719003620CB /* CustomTableViewCell.xib */,
				6E7220C92C77323A003620CB /* CustomTableViewCell.swift */,
			);
			path = task6_tableview;
			sourceTree = "<group>";
		};
/* End PBXGroup section */

/* Begin PBXNativeTarget section */
		6E9553E62C77130B00146B70 /* task6_tableview */ = {
			isa = PBXNativeTarget;
			buildConfigurationList = 6E9553FB2C77130C00146B70 /* Build configuration list for PBXNativeTarget "task6_tableview" */;
			buildPhases = (
				6E9553E32C77130B00146B70 /* Sources */,
				6E9553E42C77130B00146B70 /* Frameworks */,
				6E9553E52C77130B00146B70 /* Resources */,
			);
			buildRules = (
			);
			dependencies = (
			);
			name = task6_tableview;
			productName = task6_tableview;
			productReference = 6E9553E72C77130B00146B70 /* task6_tableview.app */;
			productType = "com.apple.product-type.application";
		};
/* End PBXNativeTarget section */

/* Begin PBXProject section */
		6E9553DF2C77130B00146B70 /* Project object */ = {
			isa = PBXProject;
			attributes = {
				BuildIndependentTargetsInParallel = 1;
				LastSwiftUpdateCheck = 1540;
				LastUpgradeCheck = 1540;
				TargetAttributes = {
					6E9553E62C77130B00146B70 = {
						CreatedOnToolsVersion = 15.4;
					};
				};
			};
			buildConfigurationList = 6E9553E22C77130B00146B70 /* Build configuration list for PBXProject "task6_tableview" */;
			compatibilityVersion = "Xcode 14.0";
			developmentRegion = en;
			hasScannedForEncodings = 0;
			knownRegions = (
				en,
				Base,
			);
			mainGroup = 6E9553DE2C77130B00146B70;
			productRefGroup = 6E9553E82C77130B00146B70 /* Products */;
			projectDirPath = "";
			projectRoot = "";
			targets = (
				6E9553E62C77130B00146B70 /* task6_tableview */,
			);
		};
/* End PBXProject section */

/* Begin PBXResourcesBuildPhase section */
		6E9553E52C77130B00146B70 /* Resources */ = {
			isa = PBXResourcesBuildPhase;
			buildActionMask = 2147483647;
			files = (
				6E9553FF2C77144D00146B70 /* Tabbar.storyboard in Resources */,
				6E9553F42C77130C00146B70 /* Assets.xcassets in Resources */,
				6E9553F72C77130C00146B70 /* Base in Resources */,
				6E7220C42C772719003620CB /* CustomTableViewCell.xib in Resources */,
				6E9553F22C77130B00146B70 /* Base in Resources */,
			);
			runOnlyForDeploymentPostprocessing = 0;
		};
/* End PBXResourcesBuildPhase section */

/* Begin PBXSourcesBuildPhase section */
		6E9553E32C77130B00146B70 /* Sources */ = {
			isa = PBXSourcesBuildPhase;
			buildActionMask = 2147483647;
			files = (
				6E7220CA2C77323A003620CB /* CustomTableViewCell.swift in Sources */,
				6E9553EF2C77130B00146B70 /* ViewController.swift in Sources */,
				6E9554012C771A4F00146B70 /* TabbarController.swift in Sources */,
				6E9553EB2C77130B00146B70 /* AppDelegate.swift in Sources */,
				6E9554032C7722AA00146B70 /* TableVC.swift in Sources */,
				6E9553ED2C77130B00146B70 /* SceneDelegate.swift in Sources */,
			);
			runOnlyForDeploymentPostprocessing = 0;
		};
/* End PBXSourcesBuildPhase section */

/* Begin PBXVariantGroup section */
		6E9553F02C77130B00146B70 /* Main.storyboard */ = {
			isa = PBXVariantGroup;
			children = (
				6E9553F12C77130B00146B70 /* Base */,
			);
			name = Main.storyboard;
			sourceTree = "<group>";
		};
		6E9553F52C77130C00146B70 /* LaunchScreen.storyboard */ = {
			isa = PBXVariantGroup;
			children = (
				6E9553F62C77130C00146B70 /* Base */,
			);
			name = LaunchScreen.storyboard;
			sourceTree = "<group>";
		};
/* End PBXVariantGroup section */

/* Begin XCBuildConfiguration section */
		6E9553F92C77130C00146B70 /* Debug */ = {
			isa = XCBuildConfiguration;
			buildSettings = {
				ALWAYS_SEARCH_USER_PATHS = NO;
				ASSETCATALOG_COMPILER_GENERATE_SWIFT_ASSET_SYMBOL_EXTENSIONS = YES;
				CLANG_ANALYZER_NONNULL = YES;
				CLANG_ANALYZER_NUMBER_OBJECT_CONVERSION = YES_AGGRESSIVE;
				CLANG_CXX_LANGUAGE_STANDARD = "gnu++20";
				CLANG_ENABLE_MODULES = YES;
				CLANG_ENABLE_OBJC_ARC = YES;
				CLANG_ENABLE_OBJC_WEAK = YES;
				CLANG_WARN_BLOCK_CAPTURE_AUTORELEASING = YES;
				CLANG_WARN_BOOL_CONVERSION = YES;
				CLANG_WARN_COMMA = YES;
				CLANG_WARN_CONSTANT_CONVERSION = YES;
				CLANG_WARN_DEPRECATED_OBJC_IMPLEMENTATIONS = YES;
				CLANG_WARN_DIRECT_OBJC_ISA_USAGE = YES_ERROR;
				CLANG_WARN_DOCUMENTATION_COMMENTS = YES;
				CLANG_WARN_EMPTY_BODY = YES;
				CLANG_WARN_ENUM_CONVERSION = YES;
				CLANG_WARN_INFINITE_RECURSION = YES;
				CLANG_WARN_INT_CONVERSION = YES;
				CLANG_WARN_NON_LITERAL_NULL_CONVERSION = YES;
				CLANG_WARN_OBJC_IMPLICIT_RETAIN_SELF = YES;
				CLANG_WARN_OBJC_LITERAL_CONVERSION = YES;
				CLANG_WARN_OBJC_ROOT_CLASS = YES_ERROR;
				CLANG_WARN_QUOTED_INCLUDE_IN_FRAMEWORK_HEADER = YES;
				CLANG_WARN_RANGE_LOOP_ANALYSIS = YES;
				CLANG_WARN_STRICT_PROTOTYPES = YES;
				CLANG_WARN_SUSPICIOUS_MOVE = YES;
				CLANG_WARN_UNGUARDED_AVAILABILITY = YES_AGGRESSIVE;
				CLANG_WARN_UNREACHABLE_CODE = YES;
				CLANG_WARN__DUPLICATE_METHOD_MATCH = YES;
				COPY_PHASE_STRIP = NO;
				DEBUG_INFORMATION_FORMAT = dwarf;
				ENABLE_STRICT_OBJC_MSGSEND = YES;
				ENABLE_TESTABILITY = YES;
				ENABLE_USER_SCRIPT_SANDBOXING = YES;
				GCC_C_LANGUAGE_STANDARD = gnu17;
				GCC_DYNAMIC_NO_PIC = NO;
				GCC_NO_COMMON_BLOCKS = YES;
				GCC_OPTIMIZATION_LEVEL = 0;
				GCC_PREPROCESSOR_DEFINITIONS = (
					"DEBUG=1",
					"$(inherited)",
				);
				GCC_WARN_64_TO_32_BIT_CONVERSION = YES;
				GCC_WARN_ABOUT_RETURN_TYPE = YES_ERROR;
				GCC_WARN_UNDECLARED_SELECTOR = YES;
				GCC_WARN_UNINITIALIZED_AUTOS = YES_AGGRESSIVE;
				GCC_WARN_UNUSED_FUNCTION = YES;
				GCC_WARN_UNUSED_VARIABLE = YES;
				IPHONEOS_DEPLOYMENT_TARGET = 17.5;
				LOCALIZATION_PREFERS_STRING_CATALOGS = YES;
				MTL_ENABLE_DEBUG_INFO = INCLUDE_SOURCE;
				MTL_FAST_MATH = YES;
				ONLY_ACTIVE_ARCH = YES;
				SDKROOT = iphoneos;
				SWIFT_ACTIVE_COMPILATION_CONDITIONS = "DEBUG $(inherited)";
				SWIFT_OPTIMIZATION_LEVEL = "-Onone";
			};
			name = Debug;
		};
		6E9553FA2C77130C00146B70 /* Release */ = {
			isa = XCBuildConfiguration;
			buildSettings = {
				ALWAYS_SEARCH_USER_PATHS = NO;
				ASSETCATALOG_COMPILER_GENERATE_SWIFT_ASSET_SYMBOL_EXTENSIONS = YES;
				CLANG_ANALYZER_NONNULL = YES;
				CLANG_ANALYZER_NUMBER_OBJECT_CONVERSION = YES_AGGRESSIVE;
				CLANG_CXX_LANGUAGE_STANDARD = "gnu++20";
				CLANG_ENABLE_MODULES = YES;
				CLANG_ENABLE_OBJC_ARC = YES;
				CLANG_ENABLE_OBJC_WEAK = YES;
				CLANG_WARN_BLOCK_CAPTURE_AUTORELEASING = YES;
				CLANG_WARN_BOOL_CONVERSION = YES;
				CLANG_WARN_COMMA = YES;
				CLANG_WARN_CONSTANT_CONVERSION = YES;
				CLANG_WARN_DEPRECATED_OBJC_IMPLEMENTATIONS = YES;
				CLANG_WARN_DIRECT_OBJC_ISA_USAGE = YES_ERROR;
				CLANG_WARN_DOCUMENTATION_COMMENTS = YES;
				CLANG_WARN_EMPTY_BODY = YES;
				CLANG_WARN_ENUM_CONVERSION = YES;
				CLANG_WARN_INFINITE_RECURSION = YES;
				CLANG_WARN_INT_CONVERSION = YES;
				CLANG_WARN_NON_LITERAL_NULL_CONVERSION = YES;
				CLANG_WARN_OBJC_IMPLICIT_RETAIN_SELF = YES;
				CLANG_WARN_OBJC_LITERAL_CONVERSION = YES;
				CLANG_WARN_OBJC_ROOT_CLASS = YES_ERROR;
				CLANG_WARN_QUOTED_INCLUDE_IN_FRAMEWORK_HEADER = YES;
				CLANG_WARN_RANGE_LOOP_ANALYSIS = YES;
				CLANG_WARN_STRICT_PROTOTYPES = YES;
				CLANG_WARN_SUSPICIOUS_MOVE = YES;
				CLANG_WARN_UNGUARDED_AVAILABILITY = YES_AGGRESSIVE;
				CLANG_WARN_UNREACHABLE_CODE = YES;
				CLANG_WARN__DUPLICATE_METHOD_MATCH = YES;
				COPY_PHASE_STRIP = NO;
				DEBUG_INFORMATION_FORMAT = "dwarf-with-dsym";
				ENABLE_NS_ASSERTIONS = NO;
				ENABLE_STRICT_OBJC_MSGSEND = YES;
				ENABLE_USER_SCRIPT_SANDBOXING = YES;
				GCC_C_LANGUAGE_STANDARD = gnu17;
				GCC_NO_COMMON_BLOCKS = YES;
				GCC_WARN_64_TO_32_BIT_CONVERSION = YES;
				GCC_WARN_ABOUT_RETURN_TYPE = YES_ERROR;
				GCC_WARN_UNDECLARED_SELECTOR = YES;
				GCC_WARN_UNINITIALIZED_AUTOS = YES_AGGRESSIVE;
				GCC_WARN_UNUSED_FUNCTION = YES;
				GCC_WARN_UNUSED_VARIABLE = YES;
				IPHONEOS_DEPLOYMENT_TARGET = 17.5;
				LOCALIZATION_PREFERS_STRING_CATALOGS = YES;
				MTL_ENABLE_DEBUG_INFO = NO;
				MTL_FAST_MATH = YES;
				SDKROOT = iphoneos;
				SWIFT_COMPILATION_MODE = wholemodule;
				VALIDATE_PRODUCT = YES;
			};
			name = Release;
		};
		6E9553FC2C77130C00146B70 /* Debug */ = {
			isa = XCBuildConfiguration;
			buildSettings = {
				ASSETCATALOG_COMPILER_APPICON_NAME = AppIcon;
				ASSETCATALOG_COMPILER_GLOBAL_ACCENT_COLOR_NAME = AccentColor;
				CODE_SIGN_STYLE = Automatic;
				CURRENT_PROJECT_VERSION = 1;
				DEVELOPMENT_TEAM = 664J2QLJ79;
				GENERATE_INFOPLIST_FILE = YES;
				INFOPLIST_FILE = task6_tableview/Info.plist;
				INFOPLIST_KEY_UIApplicationSupportsIndirectInputEvents = YES;
				INFOPLIST_KEY_UILaunchStoryboardName = LaunchScreen;
				INFOPLIST_KEY_UIMainStoryboardFile = Tabbar;
				INFOPLIST_KEY_UISupportedInterfaceOrientations_iPad = "UIInterfaceOrientationPortrait UIInterfaceOrientationPortraitUpsideDown UIInterfaceOrientationLandscapeLeft UIInterfaceOrientationLandscapeRight";
				INFOPLIST_KEY_UISupportedInterfaceOrientations_iPhone = "UIInterfaceOrientationPortrait UIInterfaceOrientationLandscapeLeft UIInterfaceOrientationLandscapeRight";
				LD_RUNPATH_SEARCH_PATHS = (
					"$(inherited)",
					"@executable_path/Frameworks",
				);
				MARKETING_VERSION = 1.0;
				PRODUCT_BUNDLE_IDENTIFIER = "com.kenanm.task6-tableview";
				PRODUCT_NAME = "$(TARGET_NAME)";
				SWIFT_EMIT_LOC_STRINGS = YES;
				SWIFT_VERSION = 5.0;
				TARGETED_DEVICE_FAMILY = "1,2";
			};
			name = Debug;
		};
		6E9553FD2C77130C00146B70 /* Release */ = {
			isa = XCBuildConfiguration;
			buildSettings = {
				ASSETCATALOG_COMPILER_APPICON_NAME = AppIcon;
				ASSETCATALOG_COMPILER_GLOBAL_ACCENT_COLOR_NAME = AccentColor;
				CODE_SIGN_STYLE = Automatic;
				CURRENT_PROJECT_VERSION = 1;
				DEVELOPMENT_TEAM = 664J2QLJ79;
				GENERATE_INFOPLIST_FILE = YES;
				INFOPLIST_FILE = task6_tableview/Info.plist;
				INFOPLIST_KEY_UIApplicationSupportsIndirectInputEvents = YES;
				INFOPLIST_KEY_UILaunchStoryboardName = LaunchScreen;
				INFOPLIST_KEY_UIMainStoryboardFile = Tabbar;
				INFOPLIST_KEY_UISupportedInterfaceOrientations_iPad = "UIInterfaceOrientationPortrait UIInterfaceOrientationPortraitUpsideDown UIInterfaceOrientationLandscapeLeft UIInterfaceOrientationLandscapeRight";
				INFOPLIST_KEY_UISupportedInterfaceOrientations_iPhone = "UIInterfaceOrientationPortrait UIInterfaceOrientationLandscapeLeft UIInterfaceOrientationLandscapeRight";
				LD_RUNPATH_SEARCH_PATHS = (
					"$(inherited)",
					"@executable_path/Frameworks",
				);
				MARKETING_VERSION = 1.0;
				PRODUCT_BUNDLE_IDENTIFIER = "com.kenanm.task6-tableview";
				PRODUCT_NAME = "$(TARGET_NAME)";
				SWIFT_EMIT_LOC_STRINGS = YES;
				SWIFT_VERSION = 5.0;
				TARGETED_DEVICE_FAMILY = "1,2";
			};
			name = Release;
		};
/* End XCBuildConfiguration section */

/* Begin XCConfigurationList section */
		6E9553E22C77130B00146B70 /* Build configuration list for PBXProject "task6_tableview" */ = {
			isa = XCConfigurationList;
			buildConfigurations = (
				6E9553F92C77130C00146B70 /* Debug */,
				6E9553FA2C77130C00146B70 /* Release */,
			);
			defaultConfigurationIsVisible = 0;
			defaultConfigurationName = Release;
		};
		6E9553FB2C77130C00146B70 /* Build configuration list for PBXNativeTarget "task6_tableview" */ = {
			isa = XCConfigurationList;
			buildConfigurations = (
				6E9553FC2C77130C00146B70 /* Debug */,
				6E9553FD2C77130C00146B70 /* Release */,
			);
			defaultConfigurationIsVisible = 0;
			defaultConfigurationName = Release;
		};
/* End XCConfigurationList section */
	};
	rootObject = 6E9553DF2C77130B00146B70 /* Project object */;
}
